
Microsoft Visual Studio Solution File, Format Version 12.00
# Visual Studio Version 16
VisualStudioVersion = 16.0.29102.190
MinimumVisualStudioVersion = 10.0.40219.1
Project("{FAE04EC0-301F-11D3-BF4B-00C04F79EFBC}") = "InheritanceApplication", "InheritanceApplication\InheritanceApplication.csproj", "{32603EAE-12C8-4015-B15C-25B27A13BB7B}"
EndProject
Global
	GlobalSection(SolutionConfigurationPlatforms) = preSolution
		Debug|Any CPU = Debug|Any CPU
		Release|Any CPU = Release|Any CPU
	EndGlobalSection
	GlobalSection(ProjectConfigurationPlatforms) = postSolution
		{32603EAE-12C8-4015-B15C-25B27A13BB7B}.Debug|Any CPU.ActiveCfg = Debug|Any CPU
		{32603EAE-12C8-4015-B15C-25B27A13BB7B}.Debug|Any CPU.Build.0 = Debug|Any CPU
		{32603EAE-12C8-4015-B15C-25B27A13BB7B}.Release|Any CPU.ActiveCfg = Release|Any CPU
		{32603EAE-12C8-4015-B15C-25B27A13BB7B}.Release|Any CPU.Build.0 = Release|Any CPU
	EndGlobalSection
	GlobalSection(SolutionProperties) = preSolution
		HideSolutionNode = FALSE
	EndGlobalSection
	GlobalSection(ExtensibilityGlobals) = postSolution
		SolutionGuid = {3E68D8DF-19DB-4B0E-8058-B4B384611155}
	EndGlobalSection
EndGlobal
